// !$*UTF8*$!
{
	archiveVersion = 1;
	classes = {
	};
	objectVersion = 48;
	objects = {

/* Begin PBXBuildFile section */
		4922F40A20544664000B37BC /* ImageCollectionViewCell.swift in Sources */ = {isa = PBXBuildFile; fileRef = 4922F40920544664000B37BC /* ImageCollectionViewCell.swift */; };
		4922F40D20545ED9000B37BC /* GalleryDetailViewController.swift in Sources */ = {isa = PBXBuildFile; fileRef = 4922F40C20545ED9000B37BC /* GalleryDetailViewController.swift */; };
		4997420920543EB1000BC171 /* GalleryCollectionViewController.swift in Sources */ = {isa = PBXBuildFile; fileRef = 4997420820543EB1000BC171 /* GalleryCollectionViewController.swift */; };
		4997420B20543F26000BC171 /* CustomImageFlowLayout.swift in Sources */ = {isa = PBXBuildFile; fileRef = 4997420A20543F26000BC171 /* CustomImageFlowLayout.swift */; };
		4997420D205444A3000BC171 /* GalleryHeaderView.swift in Sources */ = {isa = PBXBuildFile; fileRef = 4997420C205444A3000BC171 /* GalleryHeaderView.swift */; };
		4997420F205444BE000BC171 /* GalleryeFooterView.swift in Sources */ = {isa = PBXBuildFile; fileRef = 4997420E205444BE000BC171 /* GalleryeFooterView.swift */; };
		49BE6AFC2038A7D10027FD46 /* AppDelegate.swift in Sources */ = {isa = PBXBuildFile; fileRef = 49BE6AFB2038A7D10027FD46 /* AppDelegate.swift */; };
		49BE6B012038A7D10027FD46 /* Main.storyboard in Resources */ = {isa = PBXBuildFile; fileRef = 49BE6AFF2038A7D10027FD46 /* Main.storyboard */; };
		49BE6B032038A7D10027FD46 /* Assets.xcassets in Resources */ = {isa = PBXBuildFile; fileRef = 49BE6B022038A7D10027FD46 /* Assets.xcassets */; };
		49BE6B062038A7D10027FD46 /* LaunchScreen.storyboard in Resources */ = {isa = PBXBuildFile; fileRef = 49BE6B042038A7D10027FD46 /* LaunchScreen.storyboard */; };
		49BE6B0E2038A87C0027FD46 /* GoogleService-Info.plist in Resources */ = {isa = PBXBuildFile; fileRef = 49BE6B0D2038A87B0027FD46 /* GoogleService-Info.plist */; };
		49BE6B202038BC940027FD46 /* Roboto-Black.ttf in Resources */ = {isa = PBXBuildFile; fileRef = 49BE6B122038BB1B0027FD46 /* Roboto-Black.ttf */; };
		49BE6B212038BC940027FD46 /* Roboto-BlackItalic.ttf in Resources */ = {isa = PBXBuildFile; fileRef = 49BE6B162038BB1B0027FD46 /* Roboto-BlackItalic.ttf */; };
		49BE6B222038BC940027FD46 /* Roboto-Bold.ttf in Resources */ = {isa = PBXBuildFile; fileRef = 49BE6B172038BB1C0027FD46 /* Roboto-Bold.ttf */; };
		49BE6B232038BC940027FD46 /* Roboto-BoldCondensed.ttf in Resources */ = {isa = PBXBuildFile; fileRef = 49BE6B102038BB1B0027FD46 /* Roboto-BoldCondensed.ttf */; };
		49BE6B242038BC940027FD46 /* Roboto-BoldCondensedItalic.ttf in Resources */ = {isa = PBXBuildFile; fileRef = 49BE6B1E2038BB1D0027FD46 /* Roboto-BoldCondensedItalic.ttf */; };
		49BE6B252038BC940027FD46 /* Roboto-BoldItalic.ttf in Resources */ = {isa = PBXBuildFile; fileRef = 49BE6B142038BB1B0027FD46 /* Roboto-BoldItalic.ttf */; };
		49BE6B262038BC940027FD46 /* Roboto-Condensed.ttf in Resources */ = {isa = PBXBuildFile; fileRef = 49BE6B112038BB1B0027FD46 /* Roboto-Condensed.ttf */; };
		49BE6B272038BC940027FD46 /* Roboto-CondensedItalic.ttf in Resources */ = {isa = PBXBuildFile; fileRef = 49BE6B1B2038BB1C0027FD46 /* Roboto-CondensedItalic.ttf */; };
		49BE6B282038BC940027FD46 /* Roboto-Italic.ttf in Resources */ = {isa = PBXBuildFile; fileRef = 49BE6B132038BB1B0027FD46 /* Roboto-Italic.ttf */; };
		49BE6B292038BC940027FD46 /* Roboto-Light.ttf in Resources */ = {isa = PBXBuildFile; fileRef = 49BE6B182038BB1C0027FD46 /* Roboto-Light.ttf */; };
		49BE6B2A2038BC940027FD46 /* Roboto-LightItalic.ttf in Resources */ = {isa = PBXBuildFile; fileRef = 49BE6B192038BB1C0027FD46 /* Roboto-LightItalic.ttf */; };
		49BE6B2B2038BC940027FD46 /* Roboto-Medium.ttf in Resources */ = {isa = PBXBuildFile; fileRef = 49BE6B1A2038BB1C0027FD46 /* Roboto-Medium.ttf */; };
		49BE6B2C2038BC940027FD46 /* Roboto-MediumItalic.ttf in Resources */ = {isa = PBXBuildFile; fileRef = 49BE6B1D2038BB1C0027FD46 /* Roboto-MediumItalic.ttf */; };
		49BE6B2D2038BC940027FD46 /* Roboto-Regular.ttf in Resources */ = {isa = PBXBuildFile; fileRef = 49BE6B1C2038BB1C0027FD46 /* Roboto-Regular.ttf */; };
		49BE6B2E2038BC940027FD46 /* Roboto-Thin.ttf in Resources */ = {isa = PBXBuildFile; fileRef = 49BE6B1F2038BB1D0027FD46 /* Roboto-Thin.ttf */; };
		49BE6B2F2038BC940027FD46 /* Roboto-ThinItalic.ttf in Resources */ = {isa = PBXBuildFile; fileRef = 49BE6B152038BB1B0027FD46 /* Roboto-ThinItalic.ttf */; };
		49BE6B312039D9730027FD46 /* IconCollectionViewCell.swift in Sources */ = {isa = PBXBuildFile; fileRef = 49BE6B302039D9730027FD46 /* IconCollectionViewCell.swift */; };
		49BE6B332039DFDF0027FD46 /* CustomIconFlowLayout.swift in Sources */ = {isa = PBXBuildFile; fileRef = 49BE6B322039DFDF0027FD46 /* CustomIconFlowLayout.swift */; };
		49BE6B35203A2B590027FD46 /* HomeFooterView.swift in Sources */ = {isa = PBXBuildFile; fileRef = 49BE6B34203A2B590027FD46 /* HomeFooterView.swift */; };
		49BE6B38204368180027FD46 /* DetailViewController.swift in Sources */ = {isa = PBXBuildFile; fileRef = 49BE6B37204368180027FD46 /* DetailViewController.swift */; };
		49CB7E51204C887D00BBCD13 /* ReferencesViewController.swift in Sources */ = {isa = PBXBuildFile; fileRef = 49CB7E50204C887D00BBCD13 /* ReferencesViewController.swift */; };
		4D2AC13620405F6B00F5F330 /* CollectionViewController.swift in Sources */ = {isa = PBXBuildFile; fileRef = 4D2AC13520405F6B00F5F330 /* CollectionViewController.swift */; };
		4DC4E9C72040599500DEE91B /* HomeHeaderView.swift in Sources */ = {isa = PBXBuildFile; fileRef = 4DC4E9C62040599500DEE91B /* HomeHeaderView.swift */; };
		CEF47C14175EA6348319346C /* Pods_Turbine.framework in Frameworks */ = {isa = PBXBuildFile; fileRef = 30826A57B8FE2455B7308D15 /* Pods_Turbine.framework */; };
/* End PBXBuildFile section */

/* Begin PBXFileReference section */
		30826A57B8FE2455B7308D15 /* Pods_Turbine.framework */ = {isa = PBXFileReference; explicitFileType = wrapper.framework; includeInIndex = 0; path = Pods_Turbine.framework; sourceTree = BUILT_PRODUCTS_DIR; };
		4922F40920544664000B37BC /* ImageCollectionViewCell.swift */ = {isa = PBXFileReference; lastKnownFileType = sourcecode.swift; path = ImageCollectionViewCell.swift; sourceTree = "<group>"; };
		4922F40C20545ED9000B37BC /* GalleryDetailViewController.swift */ = {isa = PBXFileReference; lastKnownFileType = sourcecode.swift; path = GalleryDetailViewController.swift; sourceTree = "<group>"; };
		4997420820543EB1000BC171 /* GalleryCollectionViewController.swift */ = {isa = PBXFileReference; lastKnownFileType = sourcecode.swift; path = GalleryCollectionViewController.swift; sourceTree = "<group>"; };
		4997420A20543F26000BC171 /* CustomImageFlowLayout.swift */ = {isa = PBXFileReference; lastKnownFileType = sourcecode.swift; path = CustomImageFlowLayout.swift; sourceTree = "<group>"; };
		4997420C205444A3000BC171 /* GalleryHeaderView.swift */ = {isa = PBXFileReference; lastKnownFileType = sourcecode.swift; path = GalleryHeaderView.swift; sourceTree = "<group>"; };
		4997420E205444BE000BC171 /* GalleryeFooterView.swift */ = {isa = PBXFileReference; lastKnownFileType = sourcecode.swift; path = GalleryeFooterView.swift; sourceTree = "<group>"; };
		49BE6AF82038A7D10027FD46 /* Turbine.app */ = {isa = PBXFileReference; explicitFileType = wrapper.application; includeInIndex = 0; path = Turbine.app; sourceTree = BUILT_PRODUCTS_DIR; };
		49BE6AFB2038A7D10027FD46 /* AppDelegate.swift */ = {isa = PBXFileReference; lastKnownFileType = sourcecode.swift; path = AppDelegate.swift; sourceTree = "<group>"; };
		49BE6B002038A7D10027FD46 /* Base */ = {isa = PBXFileReference; lastKnownFileType = file.storyboard; name = Base; path = Base.lproj/Main.storyboard; sourceTree = "<group>"; };
		49BE6B022038A7D10027FD46 /* Assets.xcassets */ = {isa = PBXFileReference; lastKnownFileType = folder.assetcatalog; path = Assets.xcassets; sourceTree = "<group>"; };
		49BE6B052038A7D10027FD46 /* Base */ = {isa = PBXFileReference; lastKnownFileType = file.storyboard; name = Base; path = Base.lproj/LaunchScreen.storyboard; sourceTree = "<group>"; };
		49BE6B072038A7D10027FD46 /* Info.plist */ = {isa = PBXFileReference; lastKnownFileType = text.plist.xml; path = Info.plist; sourceTree = "<group>"; };
		49BE6B0D2038A87B0027FD46 /* GoogleService-Info.plist */ = {isa = PBXFileReference; fileEncoding = 4; lastKnownFileType = text.plist.xml; path = "GoogleService-Info.plist"; sourceTree = "<group>"; };
		49BE6B102038BB1B0027FD46 /* Roboto-BoldCondensed.ttf */ = {isa = PBXFileReference; lastKnownFileType = file; path = "Roboto-BoldCondensed.ttf"; sourceTree = "<group>"; };
		49BE6B112038BB1B0027FD46 /* Roboto-Condensed.ttf */ = {isa = PBXFileReference; lastKnownFileType = file; path = "Roboto-Condensed.ttf"; sourceTree = "<group>"; };
		49BE6B122038BB1B0027FD46 /* Roboto-Black.ttf */ = {isa = PBXFileReference; lastKnownFileType = file; path = "Roboto-Black.ttf"; sourceTree = "<group>"; };
		49BE6B132038BB1B0027FD46 /* Roboto-Italic.ttf */ = {isa = PBXFileReference; lastKnownFileType = file; path = "Roboto-Italic.ttf"; sourceTree = "<group>"; };
		49BE6B142038BB1B0027FD46 /* Roboto-BoldItalic.ttf */ = {isa = PBXFileReference; lastKnownFileType = file; path = "Roboto-BoldItalic.ttf"; sourceTree = "<group>"; };
		49BE6B152038BB1B0027FD46 /* Roboto-ThinItalic.ttf */ = {isa = PBXFileReference; lastKnownFileType = file; path = "Roboto-ThinItalic.ttf"; sourceTree = "<group>"; };
		49BE6B162038BB1B0027FD46 /* Roboto-BlackItalic.ttf */ = {isa = PBXFileReference; lastKnownFileType = file; path = "Roboto-BlackItalic.ttf"; sourceTree = "<group>"; };
		49BE6B172038BB1C0027FD46 /* Roboto-Bold.ttf */ = {isa = PBXFileReference; lastKnownFileType = file; path = "Roboto-Bold.ttf"; sourceTree = "<group>"; };
		49BE6B182038BB1C0027FD46 /* Roboto-Light.ttf */ = {isa = PBXFileReference; lastKnownFileType = file; path = "Roboto-Light.ttf"; sourceTree = "<group>"; };
		49BE6B192038BB1C0027FD46 /* Roboto-LightItalic.ttf */ = {isa = PBXFileReference; lastKnownFileType = file; path = "Roboto-LightItalic.ttf"; sourceTree = "<group>"; };
		49BE6B1A2038BB1C0027FD46 /* Roboto-Medium.ttf */ = {isa = PBXFileReference; lastKnownFileType = file; path = "Roboto-Medium.ttf"; sourceTree = "<group>"; };
		49BE6B1B2038BB1C0027FD46 /* Roboto-CondensedItalic.ttf */ = {isa = PBXFileReference; lastKnownFileType = file; path = "Roboto-CondensedItalic.ttf"; sourceTree = "<group>"; };
		49BE6B1C2038BB1C0027FD46 /* Roboto-Regular.ttf */ = {isa = PBXFileReference; lastKnownFileType = file; path = "Roboto-Regular.ttf"; sourceTree = "<group>"; };
		49BE6B1D2038BB1C0027FD46 /* Roboto-MediumItalic.ttf */ = {isa = PBXFileReference; lastKnownFileType = file; path = "Roboto-MediumItalic.ttf"; sourceTree = "<group>"; };
		49BE6B1E2038BB1D0027FD46 /* Roboto-BoldCondensedItalic.ttf */ = {isa = PBXFileReference; lastKnownFileType = file; path = "Roboto-BoldCondensedItalic.ttf"; sourceTree = "<group>"; };
		49BE6B1F2038BB1D0027FD46 /* Roboto-Thin.ttf */ = {isa = PBXFileReference; lastKnownFileType = file; path = "Roboto-Thin.ttf"; sourceTree = "<group>"; };
		49BE6B302039D9730027FD46 /* IconCollectionViewCell.swift */ = {isa = PBXFileReference; lastKnownFileType = sourcecode.swift; path = IconCollectionViewCell.swift; sourceTree = "<group>"; };
		49BE6B322039DFDF0027FD46 /* CustomIconFlowLayout.swift */ = {isa = PBXFileReference; lastKnownFileType = sourcecode.swift; path = CustomIconFlowLayout.swift; sourceTree = "<group>"; };
		49BE6B34203A2B590027FD46 /* HomeFooterView.swift */ = {isa = PBXFileReference; lastKnownFileType = sourcecode.swift; path = HomeFooterView.swift; sourceTree = "<group>"; };
		49BE6B37204368180027FD46 /* DetailViewController.swift */ = {isa = PBXFileReference; lastKnownFileType = sourcecode.swift; path = DetailViewController.swift; sourceTree = "<group>"; };
		49CB7E50204C887D00BBCD13 /* ReferencesViewController.swift */ = {isa = PBXFileReference; lastKnownFileType = sourcecode.swift; path = ReferencesViewController.swift; sourceTree = "<group>"; };
		4D2AC13520405F6B00F5F330 /* CollectionViewController.swift */ = {isa = PBXFileReference; lastKnownFileType = sourcecode.swift; path = CollectionViewController.swift; sourceTree = "<group>"; };
		4DC4E9C62040599500DEE91B /* HomeHeaderView.swift */ = {isa = PBXFileReference; lastKnownFileType = sourcecode.swift; path = HomeHeaderView.swift; sourceTree = "<group>"; };
		9EC5D70E7E38F2835BF30409 /* Pods-Turbine.release.xcconfig */ = {isa = PBXFileReference; includeInIndex = 1; lastKnownFileType = text.xcconfig; name = "Pods-Turbine.release.xcconfig"; path = "Pods/Target Support Files/Pods-Turbine/Pods-Turbine.release.xcconfig"; sourceTree = "<group>"; };
		FEC69E9BE30BEFC60EA61C11 /* Pods-Turbine.debug.xcconfig */ = {isa = PBXFileReference; includeInIndex = 1; lastKnownFileType = text.xcconfig; name = "Pods-Turbine.debug.xcconfig"; path = "Pods/Target Support Files/Pods-Turbine/Pods-Turbine.debug.xcconfig"; sourceTree = "<group>"; };
/* End PBXFileReference section */

/* Begin PBXFrameworksBuildPhase section */
		49BE6AF52038A7D10027FD46 /* Frameworks */ = {
			isa = PBXFrameworksBuildPhase;
			buildActionMask = 2147483647;
			files = (
				CEF47C14175EA6348319346C /* Pods_Turbine.framework in Frameworks */,
			);
			runOnlyForDeploymentPostprocessing = 0;
		};
/* End PBXFrameworksBuildPhase section */

/* Begin PBXGroup section */
		21AC6C06E07DB1AD6DC17068 /* Frameworks */ = {
			isa = PBXGroup;
			children = (
				30826A57B8FE2455B7308D15 /* Pods_Turbine.framework */,
			);
			name = Frameworks;
			sourceTree = "<group>";
		};
		4922F40B20545E7F000B37BC /* Gallery Detail */ = {
			isa = PBXGroup;
			children = (
				4922F40C20545ED9000B37BC /* GalleryDetailViewController.swift */,
			);
			path = "Gallery Detail";
			sourceTree = "<group>";
		};
		4997420720543E69000BC171 /* Gallery */ = {
			isa = PBXGroup;
			children = (
				4997420820543EB1000BC171 /* GalleryCollectionViewController.swift */,
				4997420A20543F26000BC171 /* CustomImageFlowLayout.swift */,
				4997420C205444A3000BC171 /* GalleryHeaderView.swift */,
				4997420E205444BE000BC171 /* GalleryeFooterView.swift */,
				4922F40920544664000B37BC /* ImageCollectionViewCell.swift */,
			);
			path = Gallery;
			sourceTree = "<group>";
		};
		49BE6AEF2038A7D10027FD46 = {
			isa = PBXGroup;
			children = (
				49BE6AFA2038A7D10027FD46 /* Turbine */,
				49BE6AF92038A7D10027FD46 /* Products */,
				A9E9363D7FD000DF656B3D7D /* Pods */,
				21AC6C06E07DB1AD6DC17068 /* Frameworks */,
			);
			sourceTree = "<group>";
		};
		49BE6AF92038A7D10027FD46 /* Products */ = {
			isa = PBXGroup;
			children = (
				49BE6AF82038A7D10027FD46 /* Turbine.app */,
			);
			name = Products;
			sourceTree = "<group>";
		};
		49BE6AFA2038A7D10027FD46 /* Turbine */ = {
			isa = PBXGroup;
			children = (
				49BE6B0F2038BAE10027FD46 /* Fonts */,
				49BE6B0D2038A87B0027FD46 /* GoogleService-Info.plist */,
				49BE6AFB2038A7D10027FD46 /* AppDelegate.swift */,
				4922F40B20545E7F000B37BC /* Gallery Detail */,
				4997420720543E69000BC171 /* Gallery */,
				49CB7E4F204C885100BBCD13 /* References */,
				49BE6B36204367FA0027FD46 /* Detail */,
				4D2AC137204099D000F5F330 /* Home */,
				49BE6AFF2038A7D10027FD46 /* Main.storyboard */,
				49BE6B022038A7D10027FD46 /* Assets.xcassets */,
				49BE6B042038A7D10027FD46 /* LaunchScreen.storyboard */,
				49BE6B072038A7D10027FD46 /* Info.plist */,
			);
			path = Turbine;
			sourceTree = "<group>";
		};
		49BE6B0F2038BAE10027FD46 /* Fonts */ = {
			isa = PBXGroup;
			children = (
				49BE6B122038BB1B0027FD46 /* Roboto-Black.ttf */,
				49BE6B162038BB1B0027FD46 /* Roboto-BlackItalic.ttf */,
				49BE6B172038BB1C0027FD46 /* Roboto-Bold.ttf */,
				49BE6B102038BB1B0027FD46 /* Roboto-BoldCondensed.ttf */,
				49BE6B1E2038BB1D0027FD46 /* Roboto-BoldCondensedItalic.ttf */,
				49BE6B142038BB1B0027FD46 /* Roboto-BoldItalic.ttf */,
				49BE6B112038BB1B0027FD46 /* Roboto-Condensed.ttf */,
				49BE6B1B2038BB1C0027FD46 /* Roboto-CondensedItalic.ttf */,
				49BE6B132038BB1B0027FD46 /* Roboto-Italic.ttf */,
				49BE6B182038BB1C0027FD46 /* Roboto-Light.ttf */,
				49BE6B192038BB1C0027FD46 /* Roboto-LightItalic.ttf */,
				49BE6B1A2038BB1C0027FD46 /* Roboto-Medium.ttf */,
				49BE6B1D2038BB1C0027FD46 /* Roboto-MediumItalic.ttf */,
				49BE6B1C2038BB1C0027FD46 /* Roboto-Regular.ttf */,
				49BE6B1F2038BB1D0027FD46 /* Roboto-Thin.ttf */,
				49BE6B152038BB1B0027FD46 /* Roboto-ThinItalic.ttf */,
			);
			path = Fonts;
			sourceTree = "<group>";
		};
		49BE6B36204367FA0027FD46 /* Detail */ = {
			isa = PBXGroup;
			children = (
				49BE6B37204368180027FD46 /* DetailViewController.swift */,
			);
			path = Detail;
			sourceTree = "<group>";
		};
		49CB7E4F204C885100BBCD13 /* References */ = {
			isa = PBXGroup;
			children = (
				49CB7E50204C887D00BBCD13 /* ReferencesViewController.swift */,
			);
			path = References;
			sourceTree = "<group>";
		};
		4D2AC137204099D000F5F330 /* Home */ = {
			isa = PBXGroup;
			children = (
				4D2AC13520405F6B00F5F330 /* CollectionViewController.swift */,
				4DC4E9C62040599500DEE91B /* HomeHeaderView.swift */,
				49BE6B34203A2B590027FD46 /* HomeFooterView.swift */,
				49BE6B322039DFDF0027FD46 /* CustomIconFlowLayout.swift */,
				49BE6B302039D9730027FD46 /* IconCollectionViewCell.swift */,
			);
			path = Home;
			sourceTree = "<group>";
		};
		A9E9363D7FD000DF656B3D7D /* Pods */ = {
			isa = PBXGroup;
			children = (
				FEC69E9BE30BEFC60EA61C11 /* Pods-Turbine.debug.xcconfig */,
				9EC5D70E7E38F2835BF30409 /* Pods-Turbine.release.xcconfig */,
			);
			name = Pods;
			sourceTree = "<group>";
		};
/* End PBXGroup section */

/* Begin PBXNativeTarget section */
		49BE6AF72038A7D10027FD46 /* Turbine */ = {
			isa = PBXNativeTarget;
			buildConfigurationList = 49BE6B0A2038A7D10027FD46 /* Build configuration list for PBXNativeTarget "Turbine" */;
			buildPhases = (
				0FB674F20BA6F754CBAF0030 /* [CP] Check Pods Manifest.lock */,
				49BE6AF42038A7D10027FD46 /* Sources */,
				49BE6AF52038A7D10027FD46 /* Frameworks */,
				49BE6AF62038A7D10027FD46 /* Resources */,
				B471D22BEE8ADECEB8601514 /* [CP] Embed Pods Frameworks */,
				976598A3FBDA22FD7E0FE822 /* [CP] Copy Pods Resources */,
			);
			buildRules = (
			);
			dependencies = (
			);
			name = Turbine;
			productName = Turbine;
			productReference = 49BE6AF82038A7D10027FD46 /* Turbine.app */;
			productType = "com.apple.product-type.application";
		};
/* End PBXNativeTarget section */

/* Begin PBXProject section */
		49BE6AF02038A7D10027FD46 /* Project object */ = {
			isa = PBXProject;
			attributes = {
				LastSwiftUpdateCheck = 0920;
				LastUpgradeCheck = 0920;
				ORGANIZATIONNAME = "Mariana Meireles";
				TargetAttributes = {
					49BE6AF72038A7D10027FD46 = {
						CreatedOnToolsVersion = 9.2;
						ProvisioningStyle = Automatic;
					};
				};
			};
			buildConfigurationList = 49BE6AF32038A7D10027FD46 /* Build configuration list for PBXProject "Turbine" */;
			compatibilityVersion = "Xcode 8.0";
			developmentRegion = en;
			hasScannedForEncodings = 0;
			knownRegions = (
				en,
				Base,
			);
			mainGroup = 49BE6AEF2038A7D10027FD46;
			productRefGroup = 49BE6AF92038A7D10027FD46 /* Products */;
			projectDirPath = "";
			projectRoot = "";
			targets = (
				49BE6AF72038A7D10027FD46 /* Turbine */,
			);
		};
/* End PBXProject section */

/* Begin PBXResourcesBuildPhase section */
		49BE6AF62038A7D10027FD46 /* Resources */ = {
			isa = PBXResourcesBuildPhase;
			buildActionMask = 2147483647;
			files = (
				49BE6B202038BC940027FD46 /* Roboto-Black.ttf in Resources */,
				49BE6B212038BC940027FD46 /* Roboto-BlackItalic.ttf in Resources */,
				49BE6B222038BC940027FD46 /* Roboto-Bold.ttf in Resources */,
				49BE6B232038BC940027FD46 /* Roboto-BoldCondensed.ttf in Resources */,
				49BE6B242038BC940027FD46 /* Roboto-BoldCondensedItalic.ttf in Resources */,
				49BE6B252038BC940027FD46 /* Roboto-BoldItalic.ttf in Resources */,
				49BE6B262038BC940027FD46 /* Roboto-Condensed.ttf in Resources */,
				49BE6B272038BC940027FD46 /* Roboto-CondensedItalic.ttf in Resources */,
				49BE6B282038BC940027FD46 /* Roboto-Italic.ttf in Resources */,
				49BE6B292038BC940027FD46 /* Roboto-Light.ttf in Resources */,
				49BE6B2A2038BC940027FD46 /* Roboto-LightItalic.ttf in Resources */,
				49BE6B2B2038BC940027FD46 /* Roboto-Medium.ttf in Resources */,
				49BE6B2C2038BC940027FD46 /* Roboto-MediumItalic.ttf in Resources */,
				49BE6B2D2038BC940027FD46 /* Roboto-Regular.ttf in Resources */,
				49BE6B2E2038BC940027FD46 /* Roboto-Thin.ttf in Resources */,
				49BE6B2F2038BC940027FD46 /* Roboto-ThinItalic.ttf in Resources */,
				49BE6B062038A7D10027FD46 /* LaunchScreen.storyboard in Resources */,
				49BE6B0E2038A87C0027FD46 /* GoogleService-Info.plist in Resources */,
				49BE6B032038A7D10027FD46 /* Assets.xcassets in Resources */,
				49BE6B012038A7D10027FD46 /* Main.storyboard in Resources */,
			);
			runOnlyForDeploymentPostprocessing = 0;
		};
/* End PBXResourcesBuildPhase section */

/* Begin PBXShellScriptBuildPhase section */
		0FB674F20BA6F754CBAF0030 /* [CP] Check Pods Manifest.lock */ = {
			isa = PBXShellScriptBuildPhase;
			buildActionMask = 2147483647;
			files = (
			);
			inputPaths = (
				"${PODS_PODFILE_DIR_PATH}/Podfile.lock",
				"${PODS_ROOT}/Manifest.lock",
			);
			name = "[CP] Check Pods Manifest.lock";
			outputPaths = (
				"$(DERIVED_FILE_DIR)/Pods-Turbine-checkManifestLockResult.txt",
			);
			runOnlyForDeploymentPostprocessing = 0;
			shellPath = /bin/sh;
			shellScript = "diff \"${PODS_PODFILE_DIR_PATH}/Podfile.lock\" \"${PODS_ROOT}/Manifest.lock\" > /dev/null\nif [ $? != 0 ] ; then\n    # print error to STDERR\n    echo \"error: The sandbox is not in sync with the Podfile.lock. Run 'pod install' or update your CocoaPods installation.\" >&2\n    exit 1\nfi\n# This output is used by Xcode 'outputs' to avoid re-running this script phase.\necho \"SUCCESS\" > \"${SCRIPT_OUTPUT_FILE_0}\"\n";
			showEnvVarsInLog = 0;
		};
		976598A3FBDA22FD7E0FE822 /* [CP] Copy Pods Resources */ = {
			isa = PBXShellScriptBuildPhase;
			buildActionMask = 2147483647;
			files = (
			);
			inputPaths = (
			);
			name = "[CP] Copy Pods Resources";
			outputPaths = (
			);
			runOnlyForDeploymentPostprocessing = 0;
			shellPath = /bin/sh;
			shellScript = "\"${SRCROOT}/Pods/Target Support Files/Pods-Turbine/Pods-Turbine-resources.sh\"\n";
			showEnvVarsInLog = 0;
		};
		B471D22BEE8ADECEB8601514 /* [CP] Embed Pods Frameworks */ = {
			isa = PBXShellScriptBuildPhase;
			buildActionMask = 2147483647;
			files = (
			);
			inputPaths = (
				"${SRCROOT}/Pods/Target Support Files/Pods-Turbine/Pods-Turbine-frameworks.sh",
				"${BUILT_PRODUCTS_DIR}/GoogleToolboxForMac/GoogleToolboxForMac.framework",
				"${BUILT_PRODUCTS_DIR}/leveldb-library/leveldb.framework",
				"${BUILT_PRODUCTS_DIR}/nanopb/nanopb.framework",
			);
			name = "[CP] Embed Pods Frameworks";
			outputPaths = (
				"${TARGET_BUILD_DIR}/${FRAMEWORKS_FOLDER_PATH}/GoogleToolboxForMac.framework",
				"${TARGET_BUILD_DIR}/${FRAMEWORKS_FOLDER_PATH}/leveldb.framework",
				"${TARGET_BUILD_DIR}/${FRAMEWORKS_FOLDER_PATH}/nanopb.framework",
			);
			runOnlyForDeploymentPostprocessing = 0;
			shellPath = /bin/sh;
			shellScript = "\"${SRCROOT}/Pods/Target Support Files/Pods-Turbine/Pods-Turbine-frameworks.sh\"\n";
			showEnvVarsInLog = 0;
		};
/* End PBXShellScriptBuildPhase section */

/* Begin PBXSourcesBuildPhase section */
		49BE6AF42038A7D10027FD46 /* Sources */ = {
			isa = PBXSourcesBuildPhase;
			buildActionMask = 2147483647;
			files = (
				49BE6AFC2038A7D10027FD46 /* AppDelegate.swift in Sources */,
				49BE6B35203A2B590027FD46 /* HomeFooterView.swift in Sources */,
				4922F40D20545ED9000B37BC /* GalleryDetailViewController.swift in Sources */,
				4922F40A20544664000B37BC /* ImageCollectionViewCell.swift in Sources */,
				49CB7E51204C887D00BBCD13 /* ReferencesViewController.swift in Sources */,
				49BE6B312039D9730027FD46 /* IconCollectionViewCell.swift in Sources */,
				4997420B20543F26000BC171 /* CustomImageFlowLayout.swift in Sources */,
				4D2AC13620405F6B00F5F330 /* CollectionViewController.swift in Sources */,
				4997420F205444BE000BC171 /* GalleryeFooterView.swift in Sources */,
				4997420D205444A3000BC171 /* GalleryHeaderView.swift in Sources */,
				49BE6B332039DFDF0027FD46 /* CustomIconFlowLayout.swift in Sources */,
				4DC4E9C72040599500DEE91B /* HomeHeaderView.swift in Sources */,
				4997420920543EB1000BC171 /* GalleryCollectionViewController.swift in Sources */,
				49BE6B38204368180027FD46 /* DetailViewController.swift in Sources */,
			);
			runOnlyForDeploymentPostprocessing = 0;
		};
/* End PBXSourcesBuildPhase section */

/* Begin PBXVariantGroup section */
		49BE6AFF2038A7D10027FD46 /* Main.storyboard */ = {
			isa = PBXVariantGroup;
			children = (
				49BE6B002038A7D10027FD46 /* Base */,
			);
			name = Main.storyboard;
			sourceTree = "<group>";
		};
		49BE6B042038A7D10027FD46 /* LaunchScreen.storyboard */ = {
			isa = PBXVariantGroup;
			children = (
				49BE6B052038A7D10027FD46 /* Base */,
			);
			name = LaunchScreen.storyboard;
			sourceTree = "<group>";
		};
/* End PBXVariantGroup section */

/* Begin XCBuildConfiguration section */
		49BE6B082038A7D10027FD46 /* Debug */ = {
			isa = XCBuildConfiguration;
			buildSettings = {
				ALWAYS_SEARCH_USER_PATHS = NO;
				CLANG_ANALYZER_NONNULL = YES;
				CLANG_ANALYZER_NUMBER_OBJECT_CONVERSION = YES_AGGRESSIVE;
				CLANG_CXX_LANGUAGE_STANDARD = "gnu++14";
				CLANG_CXX_LIBRARY = "libc++";
				CLANG_ENABLE_MODULES = YES;
				CLANG_ENABLE_OBJC_ARC = YES;
				CLANG_WARN_BLOCK_CAPTURE_AUTORELEASING = YES;
				CLANG_WARN_BOOL_CONVERSION = YES;
				CLANG_WARN_COMMA = YES;
				CLANG_WARN_CONSTANT_CONVERSION = YES;
				CLANG_WARN_DIRECT_OBJC_ISA_USAGE = YES_ERROR;
				CLANG_WARN_DOCUMENTATION_COMMENTS = YES;
				CLANG_WARN_EMPTY_BODY = YES;
				CLANG_WARN_ENUM_CONVERSION = YES;
				CLANG_WARN_INFINITE_RECURSION = YES;
				CLANG_WARN_INT_CONVERSION = YES;
				CLANG_WARN_NON_LITERAL_NULL_CONVERSION = YES;
				CLANG_WARN_OBJC_LITERAL_CONVERSION = YES;
				CLANG_WARN_OBJC_ROOT_CLASS = YES_ERROR;
				CLANG_WARN_RANGE_LOOP_ANALYSIS = YES;
				CLANG_WARN_STRICT_PROTOTYPES = YES;
				CLANG_WARN_SUSPICIOUS_MOVE = YES;
				CLANG_WARN_UNGUARDED_AVAILABILITY = YES_AGGRESSIVE;
				CLANG_WARN_UNREACHABLE_CODE = YES;
				CLANG_WARN__DUPLICATE_METHOD_MATCH = YES;
				CODE_SIGN_IDENTITY = "iPhone Developer";
				COPY_PHASE_STRIP = NO;
				DEBUG_INFORMATION_FORMAT = dwarf;
				ENABLE_STRICT_OBJC_MSGSEND = YES;
				ENABLE_TESTABILITY = YES;
				GCC_C_LANGUAGE_STANDARD = gnu11;
				GCC_DYNAMIC_NO_PIC = NO;
				GCC_NO_COMMON_BLOCKS = YES;
				GCC_OPTIMIZATION_LEVEL = 0;
				GCC_PREPROCESSOR_DEFINITIONS = (
					"DEBUG=1",
					"$(inherited)",
				);
				GCC_WARN_64_TO_32_BIT_CONVERSION = YES;
				GCC_WARN_ABOUT_RETURN_TYPE = YES_ERROR;
				GCC_WARN_UNDECLARED_SELECTOR = YES;
				GCC_WARN_UNINITIALIZED_AUTOS = YES_AGGRESSIVE;
				GCC_WARN_UNUSED_FUNCTION = YES;
				GCC_WARN_UNUSED_VARIABLE = YES;
				IPHONEOS_DEPLOYMENT_TARGET = 11.2;
				MTL_ENABLE_DEBUG_INFO = YES;
				ONLY_ACTIVE_ARCH = YES;
				SDKROOT = iphoneos;
				SWIFT_ACTIVE_COMPILATION_CONDITIONS = DEBUG;
				SWIFT_OPTIMIZATION_LEVEL = "-Onone";
			};
			name = Debug;
		};
		49BE6B092038A7D10027FD46 /* Release */ = {
			isa = XCBuildConfiguration;
			buildSettings = {
				ALWAYS_SEARCH_USER_PATHS = NO;
				CLANG_ANALYZER_NONNULL = YES;
				CLANG_ANALYZER_NUMBER_OBJECT_CONVERSION = YES_AGGRESSIVE;
				CLANG_CXX_LANGUAGE_STANDARD = "gnu++14";
				CLANG_CXX_LIBRARY = "libc++";
				CLANG_ENABLE_MODULES = YES;
				CLANG_ENABLE_OBJC_ARC = YES;
				CLANG_WARN_BLOCK_CAPTURE_AUTORELEASING = YES;
				CLANG_WARN_BOOL_CONVERSION = YES;
				CLANG_WARN_COMMA = YES;
				CLANG_WARN_CONSTANT_CONVERSION = YES;
				CLANG_WARN_DIRECT_OBJC_ISA_USAGE = YES_ERROR;
				CLANG_WARN_DOCUMENTATION_COMMENTS = YES;
				CLANG_WARN_EMPTY_BODY = YES;
				CLANG_WARN_ENUM_CONVERSION = YES;
				CLANG_WARN_INFINITE_RECURSION = YES;
				CLANG_WARN_INT_CONVERSION = YES;
				CLANG_WARN_NON_LITERAL_NULL_CONVERSION = YES;
				CLANG_WARN_OBJC_LITERAL_CONVERSION = YES;
				CLANG_WARN_OBJC_ROOT_CLASS = YES_ERROR;
				CLANG_WARN_RANGE_LOOP_ANALYSIS = YES;
				CLANG_WARN_STRICT_PROTOTYPES = YES;
				CLANG_WARN_SUSPICIOUS_MOVE = YES;
				CLANG_WARN_UNGUARDED_AVAILABILITY = YES_AGGRESSIVE;
				CLANG_WARN_UNREACHABLE_CODE = YES;
				CLANG_WARN__DUPLICATE_METHOD_MATCH = YES;
				CODE_SIGN_IDENTITY = "iPhone Developer";
				COPY_PHASE_STRIP = NO;
				DEBUG_INFORMATION_FORMAT = "dwarf-with-dsym";
				ENABLE_NS_ASSERTIONS = NO;
				ENABLE_STRICT_OBJC_MSGSEND = YES;
				GCC_C_LANGUAGE_STANDARD = gnu11;
				GCC_NO_COMMON_BLOCKS = YES;
				GCC_WARN_64_TO_32_BIT_CONVERSION = YES;
				GCC_WARN_ABOUT_RETURN_TYPE = YES_ERROR;
				GCC_WARN_UNDECLARED_SELECTOR = YES;
				GCC_WARN_UNINITIALIZED_AUTOS = YES_AGGRESSIVE;
				GCC_WARN_UNUSED_FUNCTION = YES;
				GCC_WARN_UNUSED_VARIABLE = YES;
				IPHONEOS_DEPLOYMENT_TARGET = 11.2;
				MTL_ENABLE_DEBUG_INFO = NO;
				SDKROOT = iphoneos;
				SWIFT_OPTIMIZATION_LEVEL = "-Owholemodule";
				VALIDATE_PRODUCT = YES;
			};
			name = Release;
		};
		49BE6B0B2038A7D10027FD46 /* Debug */ = {
			isa = XCBuildConfiguration;
			baseConfigurationReference = FEC69E9BE30BEFC60EA61C11 /* Pods-Turbine.debug.xcconfig */;
			buildSettings = {
				ASSETCATALOG_COMPILER_APPICON_NAME = AppIcon;
				CODE_SIGN_STYLE = Automatic;
				DEVELOPMENT_TEAM = GQU3QL4RG3;
				INFOPLIST_FILE = Turbine/Info.plist;
				LD_RUNPATH_SEARCH_PATHS = "$(inherited) @executable_path/Frameworks";
				PRODUCT_BUNDLE_IDENTIFIER = com.meireles.Turbine;
				PRODUCT_NAME = "$(TARGET_NAME)";
				SWIFT_VERSION = 4.0;
				TARGETED_DEVICE_FAMILY = "1,2";
			};
			name = Debug;
		};
		49BE6B0C2038A7D10027FD46 /* Release */ = {
			isa = XCBuildConfiguration;
			baseConfigurationReference = 9EC5D70E7E38F2835BF30409 /* Pods-Turbine.release.xcconfig */;
			buildSettings = {
				ASSETCATALOG_COMPILER_APPICON_NAME = AppIcon;
				CODE_SIGN_STYLE = Automatic;
				DEVELOPMENT_TEAM = GQU3QL4RG3;
				INFOPLIST_FILE = Turbine/Info.plist;
				LD_RUNPATH_SEARCH_PATHS = "$(inherited) @executable_path/Frameworks";
				PRODUCT_BUNDLE_IDENTIFIER = com.meireles.Turbine;
				PRODUCT_NAME = "$(TARGET_NAME)";
				SWIFT_VERSION = 4.0;
				TARGETED_DEVICE_FAMILY = "1,2";
			};
			name = Release;
		};
/* End XCBuildConfiguration section */

/* Begin XCConfigurationList section */
		49BE6AF32038A7D10027FD46 /* Build configuration list for PBXProject "Turbine" */ = {
			isa = XCConfigurationList;
			buildConfigurations = (
				49BE6B082038A7D10027FD46 /* Debug */,
				49BE6B092038A7D10027FD46 /* Release */,
			);
			defaultConfigurationIsVisible = 0;
			defaultConfigurationName = Release;
		};
		49BE6B0A2038A7D10027FD46 /* Build configuration list for PBXNativeTarget "Turbine" */ = {
			isa = XCConfigurationList;
			buildConfigurations = (
				49BE6B0B2038A7D10027FD46 /* Debug */,
				49BE6B0C2038A7D10027FD46 /* Release */,
			);
			defaultConfigurationIsVisible = 0;
			defaultConfigurationName = Release;
		};
/* End XCConfigurationList section */
	};
	rootObject = 49BE6AF02038A7D10027FD46 /* Project object */;
}
